// !$*UTF8*$!
{
	archiveVersion = 1;
	classes = {
	};
	objectVersion = 56;
	objects = {

/* Begin PBXBuildFile section */
		7D46A9DD29732D0800B33493 /* FirebaseAuth in Frameworks */ = {isa = PBXBuildFile; productRef = 7D46A9DC29732D0800B33493 /* FirebaseAuth */; };
		7D46A9DF29732D0800B33493 /* FirebaseFirestoreSwift in Frameworks */ = {isa = PBXBuildFile; productRef = 7D46A9DE29732D0800B33493 /* FirebaseFirestoreSwift */; };
		7D46A9E129732D0800B33493 /* FirebaseStorage in Frameworks */ = {isa = PBXBuildFile; productRef = 7D46A9E029732D0800B33493 /* FirebaseStorage */; };
		7D5C2213297601E900E28E20 /* AuthViewModel.swift in Sources */ = {isa = PBXBuildFile; fileRef = 7D5C2212297601E900E28E20 /* AuthViewModel.swift */; };
		7DBC3AC9296F5C62004B8D2A /* UserStatsView.swift in Sources */ = {isa = PBXBuildFile; fileRef = 7DBC3AC8296F5C62004B8D2A /* UserStatsView.swift */; };
		7DBC3ACB296F6EF2004B8D2A /* TwitterSwiftUIYoutubeApp.swift in Sources */ = {isa = PBXBuildFile; fileRef = 7DBC3ACA296F6EF2004B8D2A /* TwitterSwiftUIYoutubeApp.swift */; };
		7DD27C5D296F88A900A51AA4 /* SideMenuOptionRowView.swift in Sources */ = {isa = PBXBuildFile; fileRef = 7DD27C5C296F88A900A51AA4 /* SideMenuOptionRowView.swift */; };
		7DD27C62296FA6C000A51AA4 /* NewTweetView.swift in Sources */ = {isa = PBXBuildFile; fileRef = 7DD27C61296FA6C000A51AA4 /* NewTweetView.swift */; };
		7DD27C65296FA8A200A51AA4 /* TextArea.swift in Sources */ = {isa = PBXBuildFile; fileRef = 7DD27C64296FA8A200A51AA4 /* TextArea.swift */; };
		7DD27C6A2972362000A51AA4 /* LoginView.swift in Sources */ = {isa = PBXBuildFile; fileRef = 7DD27C692972362000A51AA4 /* LoginView.swift */; };
		7DD27C6C2972363200A51AA4 /* RegistrationView.swift in Sources */ = {isa = PBXBuildFile; fileRef = 7DD27C6B2972363200A51AA4 /* RegistrationView.swift */; };
		7DD27C702972382800A51AA4 /* RoundedShape.swift in Sources */ = {isa = PBXBuildFile; fileRef = 7DD27C6F2972382800A51AA4 /* RoundedShape.swift */; };
		7DD27C7229723E1900A51AA4 /* CustomInputField.swift in Sources */ = {isa = PBXBuildFile; fileRef = 7DD27C7129723E1900A51AA4 /* CustomInputField.swift */; };
		7DD27C75297315CF00A51AA4 /* AuthHeaderView.swift in Sources */ = {isa = PBXBuildFile; fileRef = 7DD27C74297315CF00A51AA4 /* AuthHeaderView.swift */; };
		7DD27C7729731F1C00A51AA4 /* GoogleService-Info.plist in Resources */ = {isa = PBXBuildFile; fileRef = 7DD27C7629731F1B00A51AA4 /* GoogleService-Info.plist */; };
		7DF81C4C296CB8C800C0CA76 /* ContentView.swift in Sources */ = {isa = PBXBuildFile; fileRef = 7DF81C4B296CB8C800C0CA76 /* ContentView.swift */; };
		7DF81C4E296CB8C900C0CA76 /* Assets.xcassets in Resources */ = {isa = PBXBuildFile; fileRef = 7DF81C4D296CB8C900C0CA76 /* Assets.xcassets */; };
		7DF81C51296CB8C900C0CA76 /* Preview Assets.xcassets in Resources */ = {isa = PBXBuildFile; fileRef = 7DF81C50296CB8C900C0CA76 /* Preview Assets.xcassets */; };
		7DF81C62296CBA4400C0CA76 /* FeedView.swift in Sources */ = {isa = PBXBuildFile; fileRef = 7DF81C61296CBA4400C0CA76 /* FeedView.swift */; };
		7DF81C65296CBFF100C0CA76 /* TweetRowView.swift in Sources */ = {isa = PBXBuildFile; fileRef = 7DF81C64296CBFF100C0CA76 /* TweetRowView.swift */; };
		7DF81C68296CC9A400C0CA76 /* MainTabView.swift in Sources */ = {isa = PBXBuildFile; fileRef = 7DF81C67296CC9A400C0CA76 /* MainTabView.swift */; };
		7DF81C6E296CCCD000C0CA76 /* ExploreView.swift in Sources */ = {isa = PBXBuildFile; fileRef = 7DF81C6D296CCCD000C0CA76 /* ExploreView.swift */; };
		7DF81C70296CCCFD00C0CA76 /* NotificationsView.swift in Sources */ = {isa = PBXBuildFile; fileRef = 7DF81C6F296CCCFD00C0CA76 /* NotificationsView.swift */; };
		7DF81C72296CCD3C00C0CA76 /* MessagesView.swift in Sources */ = {isa = PBXBuildFile; fileRef = 7DF81C71296CCD3C00C0CA76 /* MessagesView.swift */; };
		7DF81C76296CCF9A00C0CA76 /* ProfileView.swift in Sources */ = {isa = PBXBuildFile; fileRef = 7DF81C75296CCF9A00C0CA76 /* ProfileView.swift */; };
		7DF81C78296F1BBF00C0CA76 /* TweetFilterViewModel.swift in Sources */ = {isa = PBXBuildFile; fileRef = 7DF81C77296F1BBF00C0CA76 /* TweetFilterViewModel.swift */; };
		7DF81C7D296F255A00C0CA76 /* UserRowView.swift in Sources */ = {isa = PBXBuildFile; fileRef = 7DF81C7C296F255A00C0CA76 /* UserRowView.swift */; };
		7DF81C82296F50E700C0CA76 /* SideMenuView.swift in Sources */ = {isa = PBXBuildFile; fileRef = 7DF81C81296F50E700C0CA76 /* SideMenuView.swift */; };
		7DF81C86296F512600C0CA76 /* SideMenuViewModel.swift in Sources */ = {isa = PBXBuildFile; fileRef = 7DF81C85296F512600C0CA76 /* SideMenuViewModel.swift */; };
/* End PBXBuildFile section */

/* Begin PBXFileReference section */
		7D5C2212297601E900E28E20 /* AuthViewModel.swift */ = {isa = PBXFileReference; lastKnownFileType = sourcecode.swift; path = AuthViewModel.swift; sourceTree = "<group>"; };
		7DBC3AC8296F5C62004B8D2A /* UserStatsView.swift */ = {isa = PBXFileReference; lastKnownFileType = sourcecode.swift; path = UserStatsView.swift; sourceTree = "<group>"; };
		7DBC3ACA296F6EF2004B8D2A /* TwitterSwiftUIYoutubeApp.swift */ = {isa = PBXFileReference; lastKnownFileType = sourcecode.swift; path = TwitterSwiftUIYoutubeApp.swift; sourceTree = "<group>"; };
		7DD27C5C296F88A900A51AA4 /* SideMenuOptionRowView.swift */ = {isa = PBXFileReference; lastKnownFileType = sourcecode.swift; path = SideMenuOptionRowView.swift; sourceTree = "<group>"; };
		7DD27C61296FA6C000A51AA4 /* NewTweetView.swift */ = {isa = PBXFileReference; lastKnownFileType = sourcecode.swift; path = NewTweetView.swift; sourceTree = "<group>"; };
		7DD27C64296FA8A200A51AA4 /* TextArea.swift */ = {isa = PBXFileReference; lastKnownFileType = sourcecode.swift; path = TextArea.swift; sourceTree = "<group>"; };
		7DD27C692972362000A51AA4 /* LoginView.swift */ = {isa = PBXFileReference; lastKnownFileType = sourcecode.swift; path = LoginView.swift; sourceTree = "<group>"; };
		7DD27C6B2972363200A51AA4 /* RegistrationView.swift */ = {isa = PBXFileReference; lastKnownFileType = sourcecode.swift; path = RegistrationView.swift; sourceTree = "<group>"; };
		7DD27C6F2972382800A51AA4 /* RoundedShape.swift */ = {isa = PBXFileReference; lastKnownFileType = sourcecode.swift; path = RoundedShape.swift; sourceTree = "<group>"; };
		7DD27C7129723E1900A51AA4 /* CustomInputField.swift */ = {isa = PBXFileReference; lastKnownFileType = sourcecode.swift; path = CustomInputField.swift; sourceTree = "<group>"; };
		7DD27C74297315CF00A51AA4 /* AuthHeaderView.swift */ = {isa = PBXFileReference; lastKnownFileType = sourcecode.swift; path = AuthHeaderView.swift; sourceTree = "<group>"; };
		7DD27C7629731F1B00A51AA4 /* GoogleService-Info.plist */ = {isa = PBXFileReference; lastKnownFileType = text.plist.xml; path = "GoogleService-Info.plist"; sourceTree = SOURCE_ROOT; };
		7DF81C46296CB8C800C0CA76 /* TwitterSwiftUIYoutube.app */ = {isa = PBXFileReference; explicitFileType = wrapper.application; includeInIndex = 0; path = TwitterSwiftUIYoutube.app; sourceTree = BUILT_PRODUCTS_DIR; };
		7DF81C4B296CB8C800C0CA76 /* ContentView.swift */ = {isa = PBXFileReference; lastKnownFileType = sourcecode.swift; path = ContentView.swift; sourceTree = "<group>"; };
		7DF81C4D296CB8C900C0CA76 /* Assets.xcassets */ = {isa = PBXFileReference; lastKnownFileType = folder.assetcatalog; path = Assets.xcassets; sourceTree = "<group>"; };
		7DF81C50296CB8C900C0CA76 /* Preview Assets.xcassets */ = {isa = PBXFileReference; lastKnownFileType = folder.assetcatalog; path = "Preview Assets.xcassets"; sourceTree = "<group>"; };
		7DF81C61296CBA4400C0CA76 /* FeedView.swift */ = {isa = PBXFileReference; lastKnownFileType = sourcecode.swift; path = FeedView.swift; sourceTree = "<group>"; };
		7DF81C64296CBFF100C0CA76 /* TweetRowView.swift */ = {isa = PBXFileReference; lastKnownFileType = sourcecode.swift; path = TweetRowView.swift; sourceTree = "<group>"; };
		7DF81C67296CC9A400C0CA76 /* MainTabView.swift */ = {isa = PBXFileReference; lastKnownFileType = sourcecode.swift; path = MainTabView.swift; sourceTree = "<group>"; };
		7DF81C6D296CCCD000C0CA76 /* ExploreView.swift */ = {isa = PBXFileReference; lastKnownFileType = sourcecode.swift; path = ExploreView.swift; sourceTree = "<group>"; };
		7DF81C6F296CCCFD00C0CA76 /* NotificationsView.swift */ = {isa = PBXFileReference; lastKnownFileType = sourcecode.swift; path = NotificationsView.swift; sourceTree = "<group>"; xcLanguageSpecificationIdentifier = xcode.lang.simpleColoring; };
		7DF81C71296CCD3C00C0CA76 /* MessagesView.swift */ = {isa = PBXFileReference; lastKnownFileType = sourcecode.swift; path = MessagesView.swift; sourceTree = "<group>"; };
		7DF81C75296CCF9A00C0CA76 /* ProfileView.swift */ = {isa = PBXFileReference; lastKnownFileType = sourcecode.swift; path = ProfileView.swift; sourceTree = "<group>"; };
		7DF81C77296F1BBF00C0CA76 /* TweetFilterViewModel.swift */ = {isa = PBXFileReference; lastKnownFileType = sourcecode.swift; path = TweetFilterViewModel.swift; sourceTree = "<group>"; };
		7DF81C7C296F255A00C0CA76 /* UserRowView.swift */ = {isa = PBXFileReference; lastKnownFileType = sourcecode.swift; path = UserRowView.swift; sourceTree = "<group>"; };
		7DF81C81296F50E700C0CA76 /* SideMenuView.swift */ = {isa = PBXFileReference; lastKnownFileType = sourcecode.swift; path = SideMenuView.swift; sourceTree = "<group>"; };
		7DF81C85296F512600C0CA76 /* SideMenuViewModel.swift */ = {isa = PBXFileReference; lastKnownFileType = sourcecode.swift; path = SideMenuViewModel.swift; sourceTree = "<group>"; };
/* End PBXFileReference section */

/* Begin PBXFrameworksBuildPhase section */
		7DF81C43296CB8C800C0CA76 /* Frameworks */ = {
			isa = PBXFrameworksBuildPhase;
			buildActionMask = 2147483647;
			files = (
				7D46A9DD29732D0800B33493 /* FirebaseAuth in Frameworks */,
				7D46A9DF29732D0800B33493 /* FirebaseFirestoreSwift in Frameworks */,
				7D46A9E129732D0800B33493 /* FirebaseStorage in Frameworks */,
			);
			runOnlyForDeploymentPostprocessing = 0;
		};
/* End PBXFrameworksBuildPhase section */

/* Begin PBXGroup section */
		7DD27C5E296FA67200A51AA4 /* UploadTweet */ = {
			isa = PBXGroup;
			children = (
				7DD27C60296FA69700A51AA4 /* Views */,
				7DD27C5F296FA68700A51AA4 /* ViewModels */,
			);
			path = UploadTweet;
			sourceTree = "<group>";
		};
		7DD27C5F296FA68700A51AA4 /* ViewModels */ = {
			isa = PBXGroup;
			children = (
			);
			path = ViewModels;
			sourceTree = "<group>";
		};
		7DD27C60296FA69700A51AA4 /* Views */ = {
			isa = PBXGroup;
			children = (
				7DD27C61296FA6C000A51AA4 /* NewTweetView.swift */,
			);
			path = Views;
			sourceTree = "<group>";
		};
		7DD27C66297235FE00A51AA4 /* Authentication */ = {
			isa = PBXGroup;
			children = (
				7DD27C682972360D00A51AA4 /* Views */,
				7DD27C672972360600A51AA4 /* ViewModel */,
			);
			path = Authentication;
			sourceTree = "<group>";
		};
		7DD27C672972360600A51AA4 /* ViewModel */ = {
			isa = PBXGroup;
			children = (
				7D5C2212297601E900E28E20 /* AuthViewModel.swift */,
			);
			path = ViewModel;
			sourceTree = "<group>";
		};
		7DD27C682972360D00A51AA4 /* Views */ = {
			isa = PBXGroup;
			children = (
				7DD27C692972362000A51AA4 /* LoginView.swift */,
				7DD27C6B2972363200A51AA4 /* RegistrationView.swift */,
			);
			path = Views;
			sourceTree = "<group>";
		};
		7DD27C73297315B100A51AA4 /* Authentication */ = {
			isa = PBXGroup;
			children = (
				7DD27C74297315CF00A51AA4 /* AuthHeaderView.swift */,
			);
			path = Authentication;
			sourceTree = "<group>";
		};
		7DF81C3D296CB8C800C0CA76 = {
			isa = PBXGroup;
			children = (
				7DD27C7629731F1B00A51AA4 /* GoogleService-Info.plist */,
				7DF81C48296CB8C800C0CA76 /* TwitterSwiftUIYoutube */,
				7DF81C47296CB8C800C0CA76 /* Products */,
			);
			sourceTree = "<group>";
		};
		7DF81C47296CB8C800C0CA76 /* Products */ = {
			isa = PBXGroup;
			children = (
				7DF81C46296CB8C800C0CA76 /* TwitterSwiftUIYoutube.app */,
			);
			name = Products;
			sourceTree = "<group>";
		};
		7DF81C48296CB8C800C0CA76 /* TwitterSwiftUIYoutube */ = {
			isa = PBXGroup;
			children = (
				7DF81C5E296CB97100C0CA76 /* Components */,
				7DF81C57296CB8F600C0CA76 /* Extensions */,
				7DF81C5A296CB92500C0CA76 /* Model */,
				7DF81C5B296CB92900C0CA76 /* Service */,
				7DF81C5C296CB92E00C0CA76 /* Core */,
				7DBC3ACA296F6EF2004B8D2A /* TwitterSwiftUIYoutubeApp.swift */,
				7DF81C4B296CB8C800C0CA76 /* ContentView.swift */,
				7DF81C4D296CB8C900C0CA76 /* Assets.xcassets */,
				7DF81C4F296CB8C900C0CA76 /* Preview Content */,
			);
			path = TwitterSwiftUIYoutube;
			sourceTree = "<group>";
		};
		7DF81C4F296CB8C900C0CA76 /* Preview Content */ = {
			isa = PBXGroup;
			children = (
				7DF81C50296CB8C900C0CA76 /* Preview Assets.xcassets */,
			);
			path = "Preview Content";
			sourceTree = "<group>";
		};
		7DF81C57296CB8F600C0CA76 /* Extensions */ = {
			isa = PBXGroup;
			children = (
			);
			path = Extensions;
			sourceTree = "<group>";
		};
		7DF81C5A296CB92500C0CA76 /* Model */ = {
			isa = PBXGroup;
			children = (
			);
			path = Model;
			sourceTree = "<group>";
		};
		7DF81C5B296CB92900C0CA76 /* Service */ = {
			isa = PBXGroup;
			children = (
			);
			path = Service;
			sourceTree = "<group>";
		};
		7DF81C5C296CB92E00C0CA76 /* Core */ = {
			isa = PBXGroup;
			children = (
				7DD27C66297235FE00A51AA4 /* Authentication */,
				7DD27C5E296FA67200A51AA4 /* UploadTweet */,
				7DF81C7E296F506C00C0CA76 /* SideMenu */,
				7DF81C6C296CCCA100C0CA76 /* Profile */,
				7DF81C6B296CCC7D00C0CA76 /* Explore */,
				7DF81C6A296CCC7900C0CA76 /* Notifications */,
				7DF81C69296CCC7000C0CA76 /* Messages */,
				7DF81C66296CC98100C0CA76 /* MainTab */,
				7DF81C5D296CB96D00C0CA76 /* Feed */,
			);
			path = Core;
			sourceTree = "<group>";
		};
		7DF81C5D296CB96D00C0CA76 /* Feed */ = {
			isa = PBXGroup;
			children = (
				7DF81C60296CB9DB00C0CA76 /* View */,
			);
			path = Feed;
			sourceTree = "<group>";
		};
		7DF81C5E296CB97100C0CA76 /* Components */ = {
			isa = PBXGroup;
			children = (
				7DD27C73297315B100A51AA4 /* Authentication */,
				7DF81C7B296F254000C0CA76 /* Users */,
				7DF81C63296CBB7C00C0CA76 /* Tweets */,
				7DD27C64296FA8A200A51AA4 /* TextArea.swift */,
				7DD27C6F2972382800A51AA4 /* RoundedShape.swift */,
				7DD27C7129723E1900A51AA4 /* CustomInputField.swift */,
			);
			path = Components;
			sourceTree = "<group>";
		};
		7DF81C5F296CB9CA00C0CA76 /* ViewModels */ = {
			isa = PBXGroup;
			children = (
			);
			path = ViewModels;
			sourceTree = "<group>";
		};
		7DF81C60296CB9DB00C0CA76 /* View */ = {
			isa = PBXGroup;
			children = (
				7DF81C61296CBA4400C0CA76 /* FeedView.swift */,
			);
			path = View;
			sourceTree = "<group>";
		};
		7DF81C63296CBB7C00C0CA76 /* Tweets */ = {
			isa = PBXGroup;
			children = (
				7DF81C64296CBFF100C0CA76 /* TweetRowView.swift */,
			);
			path = Tweets;
			sourceTree = "<group>";
		};
		7DF81C66296CC98100C0CA76 /* MainTab */ = {
			isa = PBXGroup;
			children = (
				7DF81C5F296CB9CA00C0CA76 /* ViewModels */,
				7DF81C67296CC9A400C0CA76 /* MainTabView.swift */,
			);
			path = MainTab;
			sourceTree = "<group>";
		};
		7DF81C69296CCC7000C0CA76 /* Messages */ = {
			isa = PBXGroup;
			children = (
				7DF81C71296CCD3C00C0CA76 /* MessagesView.swift */,
			);
			path = Messages;
			sourceTree = "<group>";
		};
		7DF81C6A296CCC7900C0CA76 /* Notifications */ = {
			isa = PBXGroup;
			children = (
				7DF81C6F296CCCFD00C0CA76 /* NotificationsView.swift */,
			);
			path = Notifications;
			sourceTree = "<group>";
		};
		7DF81C6B296CCC7D00C0CA76 /* Explore */ = {
			isa = PBXGroup;
			children = (
				7DF81C7A296F250100C0CA76 /* ViewModel */,
				7DF81C79296F24D300C0CA76 /* Views */,
			);
			path = Explore;
			sourceTree = "<group>";
		};
		7DF81C6C296CCCA100C0CA76 /* Profile */ = {
			isa = PBXGroup;
			children = (
				7DF81C73296CCF6300C0CA76 /* ViewModels */,
				7DF81C74296CCF6D00C0CA76 /* Views */,
			);
			path = Profile;
			sourceTree = "<group>";
		};
		7DF81C73296CCF6300C0CA76 /* ViewModels */ = {
			isa = PBXGroup;
			children = (
				7DF81C77296F1BBF00C0CA76 /* TweetFilterViewModel.swift */,
			);
			path = ViewModels;
			sourceTree = "<group>";
		};
		7DF81C74296CCF6D00C0CA76 /* Views */ = {
			isa = PBXGroup;
			children = (
				7DF81C75296CCF9A00C0CA76 /* ProfileView.swift */,
			);
			path = Views;
			sourceTree = "<group>";
		};
		7DF81C79296F24D300C0CA76 /* Views */ = {
			isa = PBXGroup;
			children = (
				7DF81C6D296CCCD000C0CA76 /* ExploreView.swift */,
			);
			path = Views;
			sourceTree = "<group>";
		};
		7DF81C7A296F250100C0CA76 /* ViewModel */ = {
			isa = PBXGroup;
			children = (
			);
			path = ViewModel;
			sourceTree = "<group>";
		};
		7DF81C7B296F254000C0CA76 /* Users */ = {
			isa = PBXGroup;
			children = (
				7DF81C7C296F255A00C0CA76 /* UserRowView.swift */,
				7DBC3AC8296F5C62004B8D2A /* UserStatsView.swift */,
			);
			path = Users;
			sourceTree = "<group>";
		};
		7DF81C7E296F506C00C0CA76 /* SideMenu */ = {
			isa = PBXGroup;
			children = (
				7DF81C80296F509000C0CA76 /* ViewModel */,
				7DF81C7F296F508C00C0CA76 /* Views */,
			);
			path = SideMenu;
			sourceTree = "<group>";
		};
		7DF81C7F296F508C00C0CA76 /* Views */ = {
			isa = PBXGroup;
			children = (
				7DF81C81296F50E700C0CA76 /* SideMenuView.swift */,
				7DD27C5C296F88A900A51AA4 /* SideMenuOptionRowView.swift */,
			);
			path = Views;
			sourceTree = "<group>";
		};
		7DF81C80296F509000C0CA76 /* ViewModel */ = {
			isa = PBXGroup;
			children = (
				7DF81C85296F512600C0CA76 /* SideMenuViewModel.swift */,
			);
			path = ViewModel;
			sourceTree = "<group>";
		};
/* End PBXGroup section */

/* Begin PBXNativeTarget section */
		7DF81C45296CB8C800C0CA76 /* TwitterSwiftUIYoutube */ = {
			isa = PBXNativeTarget;
			buildConfigurationList = 7DF81C54296CB8C900C0CA76 /* Build configuration list for PBXNativeTarget "TwitterSwiftUIYoutube" */;
			buildPhases = (
				7DF81C42296CB8C800C0CA76 /* Sources */,
				7DF81C43296CB8C800C0CA76 /* Frameworks */,
				7DF81C44296CB8C800C0CA76 /* Resources */,
			);
			buildRules = (
			);
			dependencies = (
			);
			name = TwitterSwiftUIYoutube;
			packageProductDependencies = (
				7D46A9DC29732D0800B33493 /* FirebaseAuth */,
				7D46A9DE29732D0800B33493 /* FirebaseFirestoreSwift */,
				7D46A9E029732D0800B33493 /* FirebaseStorage */,
			);
			productName = TwitterSwiftUI;
			productReference = 7DF81C46296CB8C800C0CA76 /* TwitterSwiftUIYoutube.app */;
			productType = "com.apple.product-type.application";
		};
/* End PBXNativeTarget section */

/* Begin PBXProject section */
		7DF81C3E296CB8C800C0CA76 /* Project object */ = {
			isa = PBXProject;
			attributes = {
				BuildIndependentTargetsInParallel = 1;
				LastSwiftUpdateCheck = 1420;
				LastUpgradeCheck = 1420;
				TargetAttributes = {
					7DF81C45296CB8C800C0CA76 = {
						CreatedOnToolsVersion = 14.2;
					};
				};
			};
			buildConfigurationList = 7DF81C41296CB8C800C0CA76 /* Build configuration list for PBXProject "TwitterSwiftUIYoutube" */;
			compatibilityVersion = "Xcode 14.0";
			developmentRegion = en;
			hasScannedForEncodings = 0;
			knownRegions = (
				en,
				Base,
			);
			mainGroup = 7DF81C3D296CB8C800C0CA76;
			packageReferences = (
				7D46A9DB29732D0800B33493 /* XCRemoteSwiftPackageReference "firebase-ios-sdk" */,
			);
			productRefGroup = 7DF81C47296CB8C800C0CA76 /* Products */;
			projectDirPath = "";
			projectRoot = "";
			targets = (
				7DF81C45296CB8C800C0CA76 /* TwitterSwiftUIYoutube */,
			);
		};
/* End PBXProject section */

/* Begin PBXResourcesBuildPhase section */
		7DF81C44296CB8C800C0CA76 /* Resources */ = {
			isa = PBXResourcesBuildPhase;
			buildActionMask = 2147483647;
			files = (
				7DF81C51296CB8C900C0CA76 /* Preview Assets.xcassets in Resources */,
				7DF81C4E296CB8C900C0CA76 /* Assets.xcassets in Resources */,
				7DD27C7729731F1C00A51AA4 /* GoogleService-Info.plist in Resources */,
			);
			runOnlyForDeploymentPostprocessing = 0;
		};
/* End PBXResourcesBuildPhase section */

/* Begin PBXSourcesBuildPhase section */
		7DF81C42296CB8C800C0CA76 /* Sources */ = {
			isa = PBXSourcesBuildPhase;
			buildActionMask = 2147483647;
			files = (
				7DF81C72296CCD3C00C0CA76 /* MessagesView.swift in Sources */,
				7DF81C76296CCF9A00C0CA76 /* ProfileView.swift in Sources */,
				7DF81C4C296CB8C800C0CA76 /* ContentView.swift in Sources */,
				7DBC3ACB296F6EF2004B8D2A /* TwitterSwiftUIYoutubeApp.swift in Sources */,
				7DD27C7229723E1900A51AA4 /* CustomInputField.swift in Sources */,
				7DF81C65296CBFF100C0CA76 /* TweetRowView.swift in Sources */,
				7DF81C78296F1BBF00C0CA76 /* TweetFilterViewModel.swift in Sources */,
				7DD27C75297315CF00A51AA4 /* AuthHeaderView.swift in Sources */,
				7DF81C62296CBA4400C0CA76 /* FeedView.swift in Sources */,
				7DF81C82296F50E700C0CA76 /* SideMenuView.swift in Sources */,
				7DF81C6E296CCCD000C0CA76 /* ExploreView.swift in Sources */,
				7DF81C86296F512600C0CA76 /* SideMenuViewModel.swift in Sources */,
				7DD27C65296FA8A200A51AA4 /* TextArea.swift in Sources */,
				7DD27C5D296F88A900A51AA4 /* SideMenuOptionRowView.swift in Sources */,
				7DD27C6A2972362000A51AA4 /* LoginView.swift in Sources */,
				7DD27C6C2972363200A51AA4 /* RegistrationView.swift in Sources */,
				7DD27C62296FA6C000A51AA4 /* NewTweetView.swift in Sources */,
				7D5C2213297601E900E28E20 /* AuthViewModel.swift in Sources */,
				7DD27C702972382800A51AA4 /* RoundedShape.swift in Sources */,
				7DF81C7D296F255A00C0CA76 /* UserRowView.swift in Sources */,
				7DF81C68296CC9A400C0CA76 /* MainTabView.swift in Sources */,
				7DF81C70296CCCFD00C0CA76 /* NotificationsView.swift in Sources */,
				7DBC3AC9296F5C62004B8D2A /* UserStatsView.swift in Sources */,
			);
			runOnlyForDeploymentPostprocessing = 0;
		};
/* End PBXSourcesBuildPhase section */

/* Begin XCBuildConfiguration section */
		7DF81C52296CB8C900C0CA76 /* Debug */ = {
			isa = XCBuildConfiguration;
			buildSettings = {
				ALWAYS_SEARCH_USER_PATHS = NO;
				CLANG_ANALYZER_NONNULL = YES;
				CLANG_ANALYZER_NUMBER_OBJECT_CONVERSION = YES_AGGRESSIVE;
				CLANG_CXX_LANGUAGE_STANDARD = "gnu++20";
				CLANG_ENABLE_MODULES = YES;
				CLANG_ENABLE_OBJC_ARC = YES;
				CLANG_ENABLE_OBJC_WEAK = YES;
				CLANG_WARN_BLOCK_CAPTURE_AUTORELEASING = YES;
				CLANG_WARN_BOOL_CONVERSION = YES;
				CLANG_WARN_COMMA = YES;
				CLANG_WARN_CONSTANT_CONVERSION = YES;
				CLANG_WARN_DEPRECATED_OBJC_IMPLEMENTATIONS = YES;
				CLANG_WARN_DIRECT_OBJC_ISA_USAGE = YES_ERROR;
				CLANG_WARN_DOCUMENTATION_COMMENTS = YES;
				CLANG_WARN_EMPTY_BODY = YES;
				CLANG_WARN_ENUM_CONVERSION = YES;
				CLANG_WARN_INFINITE_RECURSION = YES;
				CLANG_WARN_INT_CONVERSION = YES;
				CLANG_WARN_NON_LITERAL_NULL_CONVERSION = YES;
				CLANG_WARN_OBJC_IMPLICIT_RETAIN_SELF = YES;
				CLANG_WARN_OBJC_LITERAL_CONVERSION = YES;
				CLANG_WARN_OBJC_ROOT_CLASS = YES_ERROR;
				CLANG_WARN_QUOTED_INCLUDE_IN_FRAMEWORK_HEADER = YES;
				CLANG_WARN_RANGE_LOOP_ANALYSIS = YES;
				CLANG_WARN_STRICT_PROTOTYPES = YES;
				CLANG_WARN_SUSPICIOUS_MOVE = YES;
				CLANG_WARN_UNGUARDED_AVAILABILITY = YES_AGGRESSIVE;
				CLANG_WARN_UNREACHABLE_CODE = YES;
				CLANG_WARN__DUPLICATE_METHOD_MATCH = YES;
				COPY_PHASE_STRIP = NO;
				DEBUG_INFORMATION_FORMAT = dwarf;
				ENABLE_STRICT_OBJC_MSGSEND = YES;
				ENABLE_TESTABILITY = YES;
				GCC_C_LANGUAGE_STANDARD = gnu11;
				GCC_DYNAMIC_NO_PIC = NO;
				GCC_NO_COMMON_BLOCKS = YES;
				GCC_OPTIMIZATION_LEVEL = 0;
				GCC_PREPROCESSOR_DEFINITIONS = (
					"DEBUG=1",
					"$(inherited)",
				);
				GCC_WARN_64_TO_32_BIT_CONVERSION = YES;
				GCC_WARN_ABOUT_RETURN_TYPE = YES_ERROR;
				GCC_WARN_UNDECLARED_SELECTOR = YES;
				GCC_WARN_UNINITIALIZED_AUTOS = YES_AGGRESSIVE;
				GCC_WARN_UNUSED_FUNCTION = YES;
				GCC_WARN_UNUSED_VARIABLE = YES;
				IPHONEOS_DEPLOYMENT_TARGET = 16.2;
				MTL_ENABLE_DEBUG_INFO = INCLUDE_SOURCE;
				MTL_FAST_MATH = YES;
				ONLY_ACTIVE_ARCH = YES;
				SDKROOT = iphoneos;
				SWIFT_ACTIVE_COMPILATION_CONDITIONS = DEBUG;
				SWIFT_OPTIMIZATION_LEVEL = "-Onone";
			};
			name = Debug;
		};
		7DF81C53296CB8C900C0CA76 /* Release */ = {
			isa = XCBuildConfiguration;
			buildSettings = {
				ALWAYS_SEARCH_USER_PATHS = NO;
				CLANG_ANALYZER_NONNULL = YES;
				CLANG_ANALYZER_NUMBER_OBJECT_CONVERSION = YES_AGGRESSIVE;
				CLANG_CXX_LANGUAGE_STANDARD = "gnu++20";
				CLANG_ENABLE_MODULES = YES;
				CLANG_ENABLE_OBJC_ARC = YES;
				CLANG_ENABLE_OBJC_WEAK = YES;
				CLANG_WARN_BLOCK_CAPTURE_AUTORELEASING = YES;
				CLANG_WARN_BOOL_CONVERSION = YES;
				CLANG_WARN_COMMA = YES;
				CLANG_WARN_CONSTANT_CONVERSION = YES;
				CLANG_WARN_DEPRECATED_OBJC_IMPLEMENTATIONS = YES;
				CLANG_WARN_DIRECT_OBJC_ISA_USAGE = YES_ERROR;
				CLANG_WARN_DOCUMENTATION_COMMENTS = YES;
				CLANG_WARN_EMPTY_BODY = YES;
				CLANG_WARN_ENUM_CONVERSION = YES;
				CLANG_WARN_INFINITE_RECURSION = YES;
				CLANG_WARN_INT_CONVERSION = YES;
				CLANG_WARN_NON_LITERAL_NULL_CONVERSION = YES;
				CLANG_WARN_OBJC_IMPLICIT_RETAIN_SELF = YES;
				CLANG_WARN_OBJC_LITERAL_CONVERSION = YES;
				CLANG_WARN_OBJC_ROOT_CLASS = YES_ERROR;
				CLANG_WARN_QUOTED_INCLUDE_IN_FRAMEWORK_HEADER = YES;
				CLANG_WARN_RANGE_LOOP_ANALYSIS = YES;
				CLANG_WARN_STRICT_PROTOTYPES = YES;
				CLANG_WARN_SUSPICIOUS_MOVE = YES;
				CLANG_WARN_UNGUARDED_AVAILABILITY = YES_AGGRESSIVE;
				CLANG_WARN_UNREACHABLE_CODE = YES;
				CLANG_WARN__DUPLICATE_METHOD_MATCH = YES;
				COPY_PHASE_STRIP = NO;
				DEBUG_INFORMATION_FORMAT = "dwarf-with-dsym";
				ENABLE_NS_ASSERTIONS = NO;
				ENABLE_STRICT_OBJC_MSGSEND = YES;
				GCC_C_LANGUAGE_STANDARD = gnu11;
				GCC_NO_COMMON_BLOCKS = YES;
				GCC_WARN_64_TO_32_BIT_CONVERSION = YES;
				GCC_WARN_ABOUT_RETURN_TYPE = YES_ERROR;
				GCC_WARN_UNDECLARED_SELECTOR = YES;
				GCC_WARN_UNINITIALIZED_AUTOS = YES_AGGRESSIVE;
				GCC_WARN_UNUSED_FUNCTION = YES;
				GCC_WARN_UNUSED_VARIABLE = YES;
				IPHONEOS_DEPLOYMENT_TARGET = 16.2;
				MTL_ENABLE_DEBUG_INFO = NO;
				MTL_FAST_MATH = YES;
				SDKROOT = iphoneos;
				SWIFT_COMPILATION_MODE = wholemodule;
				SWIFT_OPTIMIZATION_LEVEL = "-O";
				VALIDATE_PRODUCT = YES;
			};
			name = Release;
		};
		7DF81C55296CB8C900C0CA76 /* Debug */ = {
			isa = XCBuildConfiguration;
			buildSettings = {
				ASSETCATALOG_COMPILER_APPICON_NAME = AppIcon;
				ASSETCATALOG_COMPILER_GLOBAL_ACCENT_COLOR_NAME = AccentColor;
				CODE_SIGN_STYLE = Automatic;
				CURRENT_PROJECT_VERSION = 1;
				DEVELOPMENT_ASSET_PATHS = "";
				DEVELOPMENT_TEAM = SGH35Y7D5J;
				ENABLE_PREVIEWS = YES;
				GENERATE_INFOPLIST_FILE = YES;
				INFOPLIST_KEY_UIApplicationSceneManifest_Generation = YES;
				INFOPLIST_KEY_UIApplicationSupportsIndirectInputEvents = YES;
				INFOPLIST_KEY_UILaunchScreen_Generation = YES;
				INFOPLIST_KEY_UISupportedInterfaceOrientations_iPad = "UIInterfaceOrientationPortrait UIInterfaceOrientationPortraitUpsideDown UIInterfaceOrientationLandscapeLeft UIInterfaceOrientationLandscapeRight";
				INFOPLIST_KEY_UISupportedInterfaceOrientations_iPhone = "UIInterfaceOrientationPortrait UIInterfaceOrientationLandscapeLeft UIInterfaceOrientationLandscapeRight";
				LD_RUNPATH_SEARCH_PATHS = (
					"$(inherited)",
					"@executable_path/Frameworks",
				);
				MARKETING_VERSION = 1.0;
				PRODUCT_BUNDLE_IDENTIFIER = com.hassib.TwitterSwiftUI;
				PRODUCT_NAME = "$(TARGET_NAME)";
				SWIFT_EMIT_LOC_STRINGS = YES;
				SWIFT_VERSION = 5.0;
				TARGETED_DEVICE_FAMILY = "1,2";
			};
			name = Debug;
		};
		7DF81C56296CB8C900C0CA76 /* Release */ = {
			isa = XCBuildConfiguration;
			buildSettings = {
				ASSETCATALOG_COMPILER_APPICON_NAME = AppIcon;
				ASSETCATALOG_COMPILER_GLOBAL_ACCENT_COLOR_NAME = AccentColor;
				CODE_SIGN_STYLE = Automatic;
				CURRENT_PROJECT_VERSION = 1;
				DEVELOPMENT_ASSET_PATHS = "";
				DEVELOPMENT_TEAM = SGH35Y7D5J;
				ENABLE_PREVIEWS = YES;
				GENERATE_INFOPLIST_FILE = YES;
				INFOPLIST_KEY_UIApplicationSceneManifest_Generation = YES;
				INFOPLIST_KEY_UIApplicationSupportsIndirectInputEvents = YES;
				INFOPLIST_KEY_UILaunchScreen_Generation = YES;
				INFOPLIST_KEY_UISupportedInterfaceOrientations_iPad = "UIInterfaceOrientationPortrait UIInterfaceOrientationPortraitUpsideDown UIInterfaceOrientationLandscapeLeft UIInterfaceOrientationLandscapeRight";
				INFOPLIST_KEY_UISupportedInterfaceOrientations_iPhone = "UIInterfaceOrientationPortrait UIInterfaceOrientationLandscapeLeft UIInterfaceOrientationLandscapeRight";
				LD_RUNPATH_SEARCH_PATHS = (
					"$(inherited)",
					"@executable_path/Frameworks",
				);
				MARKETING_VERSION = 1.0;
				PRODUCT_BUNDLE_IDENTIFIER = com.hassib.TwitterSwiftUI;
				PRODUCT_NAME = "$(TARGET_NAME)";
				SWIFT_EMIT_LOC_STRINGS = YES;
				SWIFT_VERSION = 5.0;
				TARGETED_DEVICE_FAMILY = "1,2";
			};
			name = Release;
		};
/* End XCBuildConfiguration section */

/* Begin XCConfigurationList section */
		7DF81C41296CB8C800C0CA76 /* Build configuration list for PBXProject "TwitterSwiftUIYoutube" */ = {
			isa = XCConfigurationList;
			buildConfigurations = (
				7DF81C52296CB8C900C0CA76 /* Debug */,
				7DF81C53296CB8C900C0CA76 /* Release */,
			);
			defaultConfigurationIsVisible = 0;
			defaultConfigurationName = Release;
		};
		7DF81C54296CB8C900C0CA76 /* Build configuration list for PBXNativeTarget "TwitterSwiftUIYoutube" */ = {
			isa = XCConfigurationList;
			buildConfigurations = (
				7DF81C55296CB8C900C0CA76 /* Debug */,
				7DF81C56296CB8C900C0CA76 /* Release */,
			);
			defaultConfigurationIsVisible = 0;
			defaultConfigurationName = Release;
		};
/* End XCConfigurationList section */

/* Begin XCRemoteSwiftPackageReference section */
		7D46A9DB29732D0800B33493 /* XCRemoteSwiftPackageReference "firebase-ios-sdk" */ = {
			isa = XCRemoteSwiftPackageReference;
			repositoryURL = "https://github.com/firebase/firebase-ios-sdk";
			requirement = {
				kind = upToNextMajorVersion;
				minimumVersion = 9.0.0;
			};
		};
/* End XCRemoteSwiftPackageReference section */

/* Begin XCSwiftPackageProductDependency section */
		7D46A9DC29732D0800B33493 /* FirebaseAuth */ = {
			isa = XCSwiftPackageProductDependency;
			package = 7D46A9DB29732D0800B33493 /* XCRemoteSwiftPackageReference "firebase-ios-sdk" */;
			productName = FirebaseAuth;
		};
		7D46A9DE29732D0800B33493 /* FirebaseFirestoreSwift */ = {
			isa = XCSwiftPackageProductDependency;
			package = 7D46A9DB29732D0800B33493 /* XCRemoteSwiftPackageReference "firebase-ios-sdk" */;
			productName = FirebaseFirestoreSwift;
		};
		7D46A9E029732D0800B33493 /* FirebaseStorage */ = {
			isa = XCSwiftPackageProductDependency;
			package = 7D46A9DB29732D0800B33493 /* XCRemoteSwiftPackageReference "firebase-ios-sdk" */;
			productName = FirebaseStorage;
		};
/* End XCSwiftPackageProductDependency section */
	};
	rootObject = 7DF81C3E296CB8C800C0CA76 /* Project object */;
}
